
Microsoft Visual Studio Solution File, Format Version 12.00
# Visual Studio Version 16
VisualStudioVersion = 16.0.32901.82
MinimumVisualStudioVersion = 10.0.40219.1
Project("{FAE04EC0-301F-11D3-BF4B-00C04F79EFBC}") = "Engee", "Engee\Engee.csproj", "{466D3B4A-0A30-4D11-9995-1025314895C8}"
EndProject
Global
	GlobalSection(SolutionConfigurationPlatforms) = preSolution
		Debug|Any CPU = Debug|Any CPU
		Release|Any CPU = Release|Any CPU
	EndGlobalSection
	GlobalSection(ProjectConfigurationPlatforms) = postSolution
		{466D3B4A-0A30-4D11-9995-1025314895C8}.Debug|Any CPU.ActiveCfg = Debug|Any CPU
		{466D3B4A-0A30-4D11-9995-1025314895C8}.Debug|Any CPU.Build.0 = Debug|Any CPU
		{466D3B4A-0A30-4D11-9995-1025314895C8}.Release|Any CPU.ActiveCfg = Release|Any CPU
		{466D3B4A-0A30-4D11-9995-1025314895C8}.Release|Any CPU.Build.0 = Release|Any CPU
	EndGlobalSection
	GlobalSection(SolutionProperties) = preSolution
		HideSolutionNode = FALSE
	EndGlobalSection
	GlobalSection(ExtensibilityGlobals) = postSolution
		SolutionGuid = {54C3D4C9-903C-42D7-A8DA-24CB9C40F045}
	EndGlobalSection
EndGlobal
